
Microsoft Visual Studio Solution File, Format Version 12.00
# Visual Studio Version 16
VisualStudioVersion = 16.0.30717.126
MinimumVisualStudioVersion = 10.0.40219.1
Project("{9A19103F-16F7-4668-BE54-9A1E7A4F7556}") = "Core.Practice2", "Core.Practice2\Core.Practice2.csproj", "{0B0EC947-663D-4ECD-9F8B-FC3871746719}"
EndProject
Project("{9A19103F-16F7-4668-BE54-9A1E7A4F7556}") = "Core.Practice2.Domain", "Core.Practice2.Domain\Core.Practice2.Domain.csproj", "{67B2360D-C732-4F28-BA72-DA970D18506F}"
EndProject
Project("{9A19103F-16F7-4668-BE54-9A1E7A4F7556}") = "Core.Practice2.Service", "Core.Practice2.Service\Core.Practice2.Service.csproj", "{AF3D9D8C-54A7-4CC3-853E-01D1B0FCF513}"
EndProject
Project("{2150E333-8FDC-42A3-9474-1A3956D46DE8}") = "Solution Items", "Solution Items", "{0C7E9930-8C77-42FB-9946-CE7EF9B7F2CC}"
	ProjectSection(SolutionItems) = preProject
		.editorconfig = .editorconfig
	EndProjectSection
EndProject
Project("{2150E333-8FDC-42A3-9474-1A3956D46DE8}") = "Tests", "Tests", "{FFEE6694-0842-4BDD-B178-BC20828ED775}"
EndProject
Project("{FAE04EC0-301F-11D3-BF4B-00C04F79EFBC}") = "Core.Practice2.Tests", "Core.Practice2.Tests\Core.Practice2.Tests.csproj", "{413AB870-D362-4C50-ACB9-F7ECAC54221E}"
EndProject
Global
	GlobalSection(SolutionConfigurationPlatforms) = preSolution
		Debug|Any CPU = Debug|Any CPU
		Release|Any CPU = Release|Any CPU
	EndGlobalSection
	GlobalSection(ProjectConfigurationPlatforms) = postSolution
		{0B0EC947-663D-4ECD-9F8B-FC3871746719}.Debug|Any CPU.ActiveCfg = Debug|Any CPU
		{0B0EC947-663D-4ECD-9F8B-FC3871746719}.Debug|Any CPU.Build.0 = Debug|Any CPU
		{0B0EC947-663D-4ECD-9F8B-FC3871746719}.Release|Any CPU.ActiveCfg = Release|Any CPU
		{0B0EC947-663D-4ECD-9F8B-FC3871746719}.Release|Any CPU.Build.0 = Release|Any CPU
		{67B2360D-C732-4F28-BA72-DA970D18506F}.Debug|Any CPU.ActiveCfg = Debug|Any CPU
		{67B2360D-C732-4F28-BA72-DA970D18506F}.Debug|Any CPU.Build.0 = Debug|Any CPU
		{67B2360D-C732-4F28-BA72-DA970D18506F}.Release|Any CPU.ActiveCfg = Release|Any CPU
		{67B2360D-C732-4F28-BA72-DA970D18506F}.Release|Any CPU.Build.0 = Release|Any CPU
		{AF3D9D8C-54A7-4CC3-853E-01D1B0FCF513}.Debug|Any CPU.ActiveCfg = Debug|Any CPU
		{AF3D9D8C-54A7-4CC3-853E-01D1B0FCF513}.Debug|Any CPU.Build.0 = Debug|Any CPU
		{AF3D9D8C-54A7-4CC3-853E-01D1B0FCF513}.Release|Any CPU.ActiveCfg = Release|Any CPU
		{AF3D9D8C-54A7-4CC3-853E-01D1B0FCF513}.Release|Any CPU.Build.0 = Release|Any CPU
		{413AB870-D362-4C50-ACB9-F7ECAC54221E}.Debug|Any CPU.ActiveCfg = Debug|Any CPU
		{413AB870-D362-4C50-ACB9-F7ECAC54221E}.Debug|Any CPU.Build.0 = Debug|Any CPU
		{413AB870-D362-4C50-ACB9-F7ECAC54221E}.Release|Any CPU.ActiveCfg = Release|Any CPU
		{413AB870-D362-4C50-ACB9-F7ECAC54221E}.Release|Any CPU.Build.0 = Release|Any CPU
	EndGlobalSection
	GlobalSection(SolutionProperties) = preSolution
		HideSolutionNode = FALSE
	EndGlobalSection
	GlobalSection(NestedProjects) = preSolution
		{413AB870-D362-4C50-ACB9-F7ECAC54221E} = {FFEE6694-0842-4BDD-B178-BC20828ED775}
	EndGlobalSection
	GlobalSection(ExtensibilityGlobals) = postSolution
		SolutionGuid = {72BA6A9D-E8A9-43F8-9ADF-D4BD824826A5}
	EndGlobalSection
EndGlobal
